
Microsoft Visual Studio Solution File, Format Version 12.00
# Visual Studio 2012
Project("{FAE04EC0-301F-11D3-BF4B-00C04F79EFBC}") = "EShoppingCenter", "EShoppingCenter\EShoppingCenter.csproj", "{54DAE5DA-285B-4FE1-B48A-D8197202AD36}"
EndProject
Project("{FAE04EC0-301F-11D3-BF4B-00C04F79EFBC}") = "EShoppingCenter.Tests", "EShoppingCenter.Tests\EShoppingCenter.Tests.csproj", "{27A0EB79-188D-4B97-A0D7-C313FF605B43}"
EndProject
Global
	GlobalSection(SolutionConfigurationPlatforms) = preSolution
		Debug|Any CPU = Debug|Any CPU
		Release|Any CPU = Release|Any CPU
	EndGlobalSection
	GlobalSection(ProjectConfigurationPlatforms) = postSolution
		{54DAE5DA-285B-4FE1-B48A-D8197202AD36}.Debug|Any CPU.ActiveCfg = Debug|Any CPU
		{54DAE5DA-285B-4FE1-B48A-D8197202AD36}.Debug|Any CPU.Build.0 = Debug|Any CPU
		{54DAE5DA-285B-4FE1-B48A-D8197202AD36}.Release|Any CPU.ActiveCfg = Release|Any CPU
		{54DAE5DA-285B-4FE1-B48A-D8197202AD36}.Release|Any CPU.Build.0 = Release|Any CPU
		{27A0EB79-188D-4B97-A0D7-C313FF605B43}.Debug|Any CPU.ActiveCfg = Debug|Any CPU
		{27A0EB79-188D-4B97-A0D7-C313FF605B43}.Debug|Any CPU.Build.0 = Debug|Any CPU
		{27A0EB79-188D-4B97-A0D7-C313FF605B43}.Release|Any CPU.ActiveCfg = Release|Any CPU
		{27A0EB79-188D-4B97-A0D7-C313FF605B43}.Release|Any CPU.Build.0 = Release|Any CPU
	EndGlobalSection
	GlobalSection(SolutionProperties) = preSolution
		HideSolutionNode = FALSE
	EndGlobalSection
EndGlobal
